
Microsoft Visual Studio Solution File, Format Version 12.00
# Visual Studio Version 16
VisualStudioVersion = 16.0.31129.286
MinimumVisualStudioVersion = 10.0.40219.1
Project("{FAE04EC0-301F-11D3-BF4B-00C04F79EFBC}") = "WPFModernUI", "WPFModernUI\WPFModernUI.csproj", "{B600A9D9-EF52-43A5-9D3E-A3C03DB53C31}"
EndProject
Global
	GlobalSection(SolutionConfigurationPlatforms) = preSolution
		Debug|Any CPU = Debug|Any CPU
		Release|Any CPU = Release|Any CPU
	EndGlobalSection
	GlobalSection(ProjectConfigurationPlatforms) = postSolution
		{B600A9D9-EF52-43A5-9D3E-A3C03DB53C31}.Debug|Any CPU.ActiveCfg = Debug|Any CPU
		{B600A9D9-EF52-43A5-9D3E-A3C03DB53C31}.Debug|Any CPU.Build.0 = Debug|Any CPU
		{B600A9D9-EF52-43A5-9D3E-A3C03DB53C31}.Release|Any CPU.ActiveCfg = Release|Any CPU
		{B600A9D9-EF52-43A5-9D3E-A3C03DB53C31}.Release|Any CPU.Build.0 = Release|Any CPU
	EndGlobalSection
	GlobalSection(SolutionProperties) = preSolution
		HideSolutionNode = FALSE
	EndGlobalSection
	GlobalSection(ExtensibilityGlobals) = postSolution
		SolutionGuid = {8B666B9B-0DFE-45F1-B017-8FE6CCF99DEA}
	EndGlobalSection
EndGlobal
